
Microsoft Visual Studio Solution File, Format Version 12.00
# Visual Studio Version 17
VisualStudioVersion = 17.0.31903.59
MinimumVisualStudioVersion = 10.0.40219.1
Project("{2150E333-8FDC-42A3-9474-1A3956D46DE8}") = "src", "src", "{827E0CD3-B72D-47B6-A68D-7590B98EB39B}"
EndProject
Project("{FAE04EC0-301F-11D3-BF4B-00C04F79EFBC}") = "Simulation.Core", "src\Simulation.Core\Simulation.Core.csproj", "{D8712E69-5749-42B0-8C36-B9D9D196DCC0}"
EndProject
Project("{FAE04EC0-301F-11D3-BF4B-00C04F79EFBC}") = "Simulation.Application", "src\Simulation.Application\Simulation.Application.csproj", "{C7E4F28F-ACA0-4105-A73E-E69B186D9536}"
EndProject
Project("{FAE04EC0-301F-11D3-BF4B-00C04F79EFBC}") = "Simulation.Infrastructure", "src\Simulation.Infrastructure\Simulation.Infrastructure.csproj", "{0131861C-E85E-4B92-850E-4C5F1BB3B32B}"
EndProject
Project("{FAE04EC0-301F-11D3-BF4B-00C04F79EFBC}") = "Simulation.UI", "src\Simulation.UI\Simulation.UI.csproj", "{4B058412-FA8F-42AB-B859-F278D0E311E1}"
EndProject
Project("{2150E333-8FDC-42A3-9474-1A3956D46DE8}") = "tests", "tests", "{0AB3BF05-4346-4AA6-1389-037BE0695223}"
EndProject
Project("{FAE04EC0-301F-11D3-BF4B-00C04F79EFBC}") = "Simulation.Core.Tests", "tests\Simulation.Core.Tests\Simulation.Core.Tests.csproj", "{B004B5E6-2D56-4D23-9E15-E5061845BFF4}"
EndProject
Project("{FAE04EC0-301F-11D3-BF4B-00C04F79EFBC}") = "Simulation.Application.Tests", "tests\Simulation.Application.Tests\Simulation.Application.Tests.csproj", "{EE184089-9E38-4B3F-9AF1-5B81E46DADE6}"
EndProject
Project("{FAE04EC0-301F-11D3-BF4B-00C04F79EFBC}") = "Simulation.UI.Tests", "tests\Simulation.UI.Tests\Simulation.UI.Tests.csproj", "{83A016CD-874D-4F63-888A-56A08CA7D921}"
EndProject
Global
	GlobalSection(SolutionConfigurationPlatforms) = preSolution
		Debug|Any CPU = Debug|Any CPU
		Debug|x64 = Debug|x64
		Debug|x86 = Debug|x86
		Release|Any CPU = Release|Any CPU
		Release|x64 = Release|x64
		Release|x86 = Release|x86
	EndGlobalSection
	GlobalSection(ProjectConfigurationPlatforms) = postSolution
		{D8712E69-5749-42B0-8C36-B9D9D196DCC0}.Debug|Any CPU.ActiveCfg = Debug|Any CPU
		{D8712E69-5749-42B0-8C36-B9D9D196DCC0}.Debug|Any CPU.Build.0 = Debug|Any CPU
		{D8712E69-5749-42B0-8C36-B9D9D196DCC0}.Debug|x64.ActiveCfg = Debug|Any CPU
		{D8712E69-5749-42B0-8C36-B9D9D196DCC0}.Debug|x64.Build.0 = Debug|Any CPU
		{D8712E69-5749-42B0-8C36-B9D9D196DCC0}.Debug|x86.ActiveCfg = Debug|Any CPU
		{D8712E69-5749-42B0-8C36-B9D9D196DCC0}.Debug|x86.Build.0 = Debug|Any CPU
		{D8712E69-5749-42B0-8C36-B9D9D196DCC0}.Release|Any CPU.ActiveCfg = Release|Any CPU
		{D8712E69-5749-42B0-8C36-B9D9D196DCC0}.Release|Any CPU.Build.0 = Release|Any CPU
		{D8712E69-5749-42B0-8C36-B9D9D196DCC0}.Release|x64.ActiveCfg = Release|Any CPU
		{D8712E69-5749-42B0-8C36-B9D9D196DCC0}.Release|x64.Build.0 = Release|Any CPU
		{D8712E69-5749-42B0-8C36-B9D9D196DCC0}.Release|x86.ActiveCfg = Release|Any CPU
		{D8712E69-5749-42B0-8C36-B9D9D196DCC0}.Release|x86.Build.0 = Release|Any CPU
		{C7E4F28F-ACA0-4105-A73E-E69B186D9536}.Debug|Any CPU.ActiveCfg = Debug|Any CPU
		{C7E4F28F-ACA0-4105-A73E-E69B186D9536}.Debug|Any CPU.Build.0 = Debug|Any CPU
		{C7E4F28F-ACA0-4105-A73E-E69B186D9536}.Debug|x64.ActiveCfg = Debug|Any CPU
		{C7E4F28F-ACA0-4105-A73E-E69B186D9536}.Debug|x64.Build.0 = Debug|Any CPU
		{C7E4F28F-ACA0-4105-A73E-E69B186D9536}.Debug|x86.ActiveCfg = Debug|Any CPU
		{C7E4F28F-ACA0-4105-A73E-E69B186D9536}.Debug|x86.Build.0 = Debug|Any CPU
		{C7E4F28F-ACA0-4105-A73E-E69B186D9536}.Release|Any CPU.ActiveCfg = Release|Any CPU
		{C7E4F28F-ACA0-4105-A73E-E69B186D9536}.Release|Any CPU.Build.0 = Release|Any CPU
		{C7E4F28F-ACA0-4105-A73E-E69B186D9536}.Release|x64.ActiveCfg = Release|Any CPU
		{C7E4F28F-ACA0-4105-A73E-E69B186D9536}.Release|x64.Build.0 = Release|Any CPU
		{C7E4F28F-ACA0-4105-A73E-E69B186D9536}.Release|x86.ActiveCfg = Release|Any CPU
		{C7E4F28F-ACA0-4105-A73E-E69B186D9536}.Release|x86.Build.0 = Release|Any CPU
		{0131861C-E85E-4B92-850E-4C5F1BB3B32B}.Debug|Any CPU.ActiveCfg = Debug|Any CPU
		{0131861C-E85E-4B92-850E-4C5F1BB3B32B}.Debug|Any CPU.Build.0 = Debug|Any CPU
		{0131861C-E85E-4B92-850E-4C5F1BB3B32B}.Debug|x64.ActiveCfg = Debug|Any CPU
		{0131861C-E85E-4B92-850E-4C5F1BB3B32B}.Debug|x64.Build.0 = Debug|Any CPU
		{0131861C-E85E-4B92-850E-4C5F1BB3B32B}.Debug|x86.ActiveCfg = Debug|Any CPU
		{0131861C-E85E-4B92-850E-4C5F1BB3B32B}.Debug|x86.Build.0 = Debug|Any CPU
		{0131861C-E85E-4B92-850E-4C5F1BB3B32B}.Release|Any CPU.ActiveCfg = Release|Any CPU
		{0131861C-E85E-4B92-850E-4C5F1BB3B32B}.Release|Any CPU.Build.0 = Release|Any CPU
		{0131861C-E85E-4B92-850E-4C5F1BB3B32B}.Release|x64.ActiveCfg = Release|Any CPU
		{0131861C-E85E-4B92-850E-4C5F1BB3B32B}.Release|x64.Build.0 = Release|Any CPU
		{0131861C-E85E-4B92-850E-4C5F1BB3B32B}.Release|x86.ActiveCfg = Release|Any CPU
		{0131861C-E85E-4B92-850E-4C5F1BB3B32B}.Release|x86.Build.0 = Release|Any CPU
		{4B058412-FA8F-42AB-B859-F278D0E311E1}.Debug|Any CPU.ActiveCfg = Debug|Any CPU
		{4B058412-FA8F-42AB-B859-F278D0E311E1}.Debug|Any CPU.Build.0 = Debug|Any CPU
		{4B058412-FA8F-42AB-B859-F278D0E311E1}.Debug|x64.ActiveCfg = Debug|Any CPU
		{4B058412-FA8F-42AB-B859-F278D0E311E1}.Debug|x64.Build.0 = Debug|Any CPU
		{4B058412-FA8F-42AB-B859-F278D0E311E1}.Debug|x86.ActiveCfg = Debug|Any CPU
		{4B058412-FA8F-42AB-B859-F278D0E311E1}.Debug|x86.Build.0 = Debug|Any CPU
		{4B058412-FA8F-42AB-B859-F278D0E311E1}.Release|Any CPU.ActiveCfg = Release|Any CPU
		{4B058412-FA8F-42AB-B859-F278D0E311E1}.Release|Any CPU.Build.0 = Release|Any CPU
		{4B058412-FA8F-42AB-B859-F278D0E311E1}.Release|x64.ActiveCfg = Release|Any CPU
		{4B058412-FA8F-42AB-B859-F278D0E311E1}.Release|x64.Build.0 = Release|Any CPU
		{4B058412-FA8F-42AB-B859-F278D0E311E1}.Release|x86.ActiveCfg = Release|Any CPU
		{4B058412-FA8F-42AB-B859-F278D0E311E1}.Release|x86.Build.0 = Release|Any CPU
		{B004B5E6-2D56-4D23-9E15-E5061845BFF4}.Debug|Any CPU.ActiveCfg = Debug|Any CPU
		{B004B5E6-2D56-4D23-9E15-E5061845BFF4}.Debug|Any CPU.Build.0 = Debug|Any CPU
		{B004B5E6-2D56-4D23-9E15-E5061845BFF4}.Debug|x64.ActiveCfg = Debug|Any CPU
		{B004B5E6-2D56-4D23-9E15-E5061845BFF4}.Debug|x64.Build.0 = Debug|Any CPU
		{B004B5E6-2D56-4D23-9E15-E5061845BFF4}.Debug|x86.ActiveCfg = Debug|Any CPU
		{B004B5E6-2D56-4D23-9E15-E5061845BFF4}.Debug|x86.Build.0 = Debug|Any CPU
		{B004B5E6-2D56-4D23-9E15-E5061845BFF4}.Release|Any CPU.ActiveCfg = Release|Any CPU
		{B004B5E6-2D56-4D23-9E15-E5061845BFF4}.Release|Any CPU.Build.0 = Release|Any CPU
		{B004B5E6-2D56-4D23-9E15-E5061845BFF4}.Release|x64.ActiveCfg = Release|Any CPU
		{B004B5E6-2D56-4D23-9E15-E5061845BFF4}.Release|x64.Build.0 = Release|Any CPU
		{B004B5E6-2D56-4D23-9E15-E5061845BFF4}.Release|x86.ActiveCfg = Release|Any CPU
		{B004B5E6-2D56-4D23-9E15-E5061845BFF4}.Release|x86.Build.0 = Release|Any CPU
		{EE184089-9E38-4B3F-9AF1-5B81E46DADE6}.Debug|Any CPU.ActiveCfg = Debug|Any CPU
		{EE184089-9E38-4B3F-9AF1-5B81E46DADE6}.Debug|Any CPU.Build.0 = Debug|Any CPU
		{EE184089-9E38-4B3F-9AF1-5B81E46DADE6}.Debug|x64.ActiveCfg = Debug|Any CPU
		{EE184089-9E38-4B3F-9AF1-5B81E46DADE6}.Debug|x64.Build.0 = Debug|Any CPU
		{EE184089-9E38-4B3F-9AF1-5B81E46DADE6}.Debug|x86.ActiveCfg = Debug|Any CPU
		{EE184089-9E38-4B3F-9AF1-5B81E46DADE6}.Debug|x86.Build.0 = Debug|Any CPU
		{EE184089-9E38-4B3F-9AF1-5B81E46DADE6}.Release|Any CPU.ActiveCfg = Release|Any CPU
		{EE184089-9E38-4B3F-9AF1-5B81E46DADE6}.Release|Any CPU.Build.0 = Release|Any CPU
		{EE184089-9E38-4B3F-9AF1-5B81E46DADE6}.Release|x64.ActiveCfg = Release|Any CPU
		{EE184089-9E38-4B3F-9AF1-5B81E46DADE6}.Release|x64.Build.0 = Release|Any CPU
		{EE184089-9E38-4B3F-9AF1-5B81E46DADE6}.Release|x86.ActiveCfg = Release|Any CPU
		{EE184089-9E38-4B3F-9AF1-5B81E46DADE6}.Release|x86.Build.0 = Release|Any CPU
		{83A016CD-874D-4F63-888A-56A08CA7D921}.Debug|Any CPU.ActiveCfg = Debug|Any CPU
		{83A016CD-874D-4F63-888A-56A08CA7D921}.Debug|Any CPU.Build.0 = Debug|Any CPU
		{83A016CD-874D-4F63-888A-56A08CA7D921}.Debug|x64.ActiveCfg = Debug|Any CPU
		{83A016CD-874D-4F63-888A-56A08CA7D921}.Debug|x64.Build.0 = Debug|Any CPU
		{83A016CD-874D-4F63-888A-56A08CA7D921}.Debug|x86.ActiveCfg = Debug|Any CPU
		{83A016CD-874D-4F63-888A-56A08CA7D921}.Debug|x86.Build.0 = Debug|Any CPU
		{83A016CD-874D-4F63-888A-56A08CA7D921}.Release|Any CPU.ActiveCfg = Release|Any CPU
		{83A016CD-874D-4F63-888A-56A08CA7D921}.Release|Any CPU.Build.0 = Release|Any CPU
		{83A016CD-874D-4F63-888A-56A08CA7D921}.Release|x64.ActiveCfg = Release|Any CPU
		{83A016CD-874D-4F63-888A-56A08CA7D921}.Release|x64.Build.0 = Release|Any CPU
		{83A016CD-874D-4F63-888A-56A08CA7D921}.Release|x86.ActiveCfg = Release|Any CPU
		{83A016CD-874D-4F63-888A-56A08CA7D921}.Release|x86.Build.0 = Release|Any CPU
	EndGlobalSection
	GlobalSection(SolutionProperties) = preSolution
		HideSolutionNode = FALSE
	EndGlobalSection
	GlobalSection(NestedProjects) = preSolution
		{D8712E69-5749-42B0-8C36-B9D9D196DCC0} = {827E0CD3-B72D-47B6-A68D-7590B98EB39B}
		{C7E4F28F-ACA0-4105-A73E-E69B186D9536} = {827E0CD3-B72D-47B6-A68D-7590B98EB39B}
		{0131861C-E85E-4B92-850E-4C5F1BB3B32B} = {827E0CD3-B72D-47B6-A68D-7590B98EB39B}
		{4B058412-FA8F-42AB-B859-F278D0E311E1} = {827E0CD3-B72D-47B6-A68D-7590B98EB39B}
		{B004B5E6-2D56-4D23-9E15-E5061845BFF4} = {0AB3BF05-4346-4AA6-1389-037BE0695223}
		{EE184089-9E38-4B3F-9AF1-5B81E46DADE6} = {0AB3BF05-4346-4AA6-1389-037BE0695223}
		{83A016CD-874D-4F63-888A-56A08CA7D921} = {0AB3BF05-4346-4AA6-1389-037BE0695223}
	EndGlobalSection
EndGlobal
